
Microsoft Visual Studio Solution File, Format Version 12.00
# Visual Studio Version 17
VisualStudioVersion = 17.12.35707.178 d17.12
MinimumVisualStudioVersion = 10.0.40219.1
Project("{FAE04EC0-301F-11D3-BF4B-00C04F79EFBC}") = "APIDevSteam", "APIDevSteam\APIDevSteam.csproj", "{62989182-2891-4D9A-9208-697E07993768}"
EndProject
Global
	GlobalSection(SolutionConfigurationPlatforms) = preSolution
		Debug|Any CPU = Debug|Any CPU
		Release|Any CPU = Release|Any CPU
	EndGlobalSection
	GlobalSection(ProjectConfigurationPlatforms) = postSolution
		{62989182-2891-4D9A-9208-697E07993768}.Debug|Any CPU.ActiveCfg = Debug|Any CPU
		{62989182-2891-4D9A-9208-697E07993768}.Debug|Any CPU.Build.0 = Debug|Any CPU
		{62989182-2891-4D9A-9208-697E07993768}.Release|Any CPU.ActiveCfg = Release|Any CPU
		{62989182-2891-4D9A-9208-697E07993768}.Release|Any CPU.Build.0 = Release|Any CPU
	EndGlobalSection
	GlobalSection(SolutionProperties) = preSolution
		HideSolutionNode = FALSE
	EndGlobalSection
EndGlobal
